{
  "version": 4,
  "terraform_version": "0.12.26",
  "serial": 90,
  "lineage": "5b8f6372-6901-5374-c77c-5a73ec1546dd",
  "outputs": {},
  "resources": [
    {
      "mode": "data",
      "type": "template_file",
      "name": "userdata_template",
      "provider": "provider.template",
      "instances": [
        {
          "schema_version": 0,
          "attributes": {
            "filename": null,
            "id": "129eed6f77ac2f6e381d3093e4887c3b5df85795c973dcdd98e39168748412b0",
            "rendered": "# Insert Environment Variables\n\ncd /var/www/html/app/etc/\nsed -i \"s/rds_host_endpoint/jfs-database.ck89alzamfaj.eu-west-1.rds.amazonaws.com/g\" env.php\nsed -i \"s/dfsc_db_name/magento/g\" env.php\nsed -i \"s/dfsc_db_username/admin/g\" env.php\nsed -i \"s/dfsc_db_password/Supersecretpassword/g\" env.php\nsed -i \"s/ecc_host_endpoint/jfs-replication-group.ec1r7w.ng.0001.euw1.cache.amazonaws.com/g\" env.php\n\n# Mount media folder on EFS\n\napt-get install nfs-common -y\ncd /var/www/html/pub \nmkdir media-backup \ncp -r -L media/. media-backup \nmount -t nfs4 -o nfsvers=4.1,rsize=1048576,wsize=1048576,hard,timeo=600,retrans=2,noresvport fs-02873fda3cce63d2f.efs.eu-west-1.amazonaws.com:/ media \ncp -r -L media-backup/. media \nchown -R magento:www-data media \nchmod -R 777 media\ncd /var/www/html/\nbin/magento c:c\n\n\n# Create Healthcheck file\n\ncd /var/www/html/\ntouch healthy.html",
            "template": "# Insert Environment Variables\n\ncd /var/www/html/app/etc/\nsed -i \"s/rds_host_endpoint/${db_host}/g\" env.php\nsed -i \"s/dfsc_db_name/${db_name}/g\" env.php\nsed -i \"s/dfsc_db_username/${db_username}/g\" env.php\nsed -i \"s/dfsc_db_password/${db_password}/g\" env.php\nsed -i \"s/ecc_host_endpoint/${cache_host}/g\" env.php\n\n# Mount media folder on EFS\n\napt-get install nfs-common -y\ncd /var/www/html/pub \nmkdir media-backup \ncp -r -L media/. media-backup \nmount -t nfs4 -o nfsvers=4.1,rsize=1048576,wsize=1048576,hard,timeo=600,retrans=2,noresvport ${efs-endpoint}:/ media \ncp -r -L media-backup/. media \nchown -R magento:www-data media \nchmod -R 777 media\ncd /var/www/html/\nbin/magento c:c\n\n\n# Create Healthcheck file\n\ncd /var/www/html/\ntouch healthy.html",
            "vars": {
              "cache_host": "jfs-replication-group.ec1r7w.ng.0001.euw1.cache.amazonaws.com",
              "db_host": "jfs-database.ck89alzamfaj.eu-west-1.rds.amazonaws.com",
              "db_name": "magento",
              "db_password": "Supersecretpassword",
              "db_username": "admin",
              "efs-endpoint": "fs-02873fda3cce63d2f.efs.eu-west-1.amazonaws.com"
            }
          }
        }
      ]
    },
    {
      "mode": "managed",
      "type": "aws_autoscaling_group",
      "name": "jfs_back_end",
      "provider": "provider.aws",
      "instances": [
        {
          "schema_version": 0,
          "attributes": {
            "arn": "arn:aws:autoscaling:eu-west-1:111528734203:autoScalingGroup:f9c2da77-70b2-4ff3-b298-6b3bc81d82f2:autoScalingGroupName/JFS BackEnd ASG",
            "availability_zones": [
              "eu-west-1a",
              "eu-west-1b"
            ],
            "capacity_rebalance": false,
            "default_cooldown": 300,
            "desired_capacity": 0,
            "enabled_metrics": [],
            "force_delete": false,
            "force_delete_warm_pool": false,
            "health_check_grace_period": 300,
            "health_check_type": "ELB",
            "id": "JFS BackEnd ASG",
            "initial_lifecycle_hook": [],
            "instance_refresh": [],
            "launch_configuration": "JFS Launch Configuration20220323130406037400000001",
            "launch_template": [],
            "load_balancers": [],
            "max_instance_lifetime": 0,
            "max_size": 0,
            "metrics_granularity": "1Minute",
            "min_elb_capacity": null,
            "min_size": 0,
            "mixed_instances_policy": [],
            "name": "JFS BackEnd ASG",
            "name_prefix": null,
            "placement_group": "",
            "protect_from_scale_in": false,
            "service_linked_role_arn": "arn:aws:iam::111528734203:role/aws-service-role/autoscaling.amazonaws.com/AWSServiceRoleForAutoScaling",
            "suspended_processes": [],
            "tag": [
              {
                "key": "Name",
                "propagate_at_launch": true,
                "value": "JFS BackEnd ASG"
              }
            ],
            "tags": null,
            "target_group_arns": [
              "arn:aws:elasticloadbalancing:eu-west-1:111528734203:targetgroup/jfs-back-end-target-group/fea1128fc9a1597b"
            ],
            "termination_policies": [],
            "timeouts": null,
            "vpc_zone_identifier": [
              "subnet-0222b899d0f8f7ee7",
              "subnet-02fb945bcbc86a461"
            ],
            "wait_for_capacity_timeout": "10m",
            "wait_for_elb_capacity": null,
            "warm_pool": []
          },
          "private": "eyJlMmJmYjczMC1lY2FhLTExZTYtOGY4OC0zNDM2M2JjN2M0YzAiOnsiZGVsZXRlIjo2MDAwMDAwMDAwMDB9fQ==",
          "dependencies": [
            "aws_key_pair.ssh-key",
            "aws_launch_configuration.jfs_launch_config",
            "aws_lb_target_group.jfs-back-end-tg",
            "aws_security_group.jfs_asg_sg",
            "aws_subnet.jfs-private-1a",
            "aws_subnet.jfs-private-1b"
          ]
        }
      ]
    },
    {
      "mode": "managed",
      "type": "aws_autoscaling_group",
      "name": "jfs_front_end",
      "provider": "provider.aws",
      "instances": [
        {
          "schema_version": 0,
          "attributes": {
            "arn": "arn:aws:autoscaling:eu-west-1:111528734203:autoScalingGroup:8ee51ffe-b95b-48ef-a3d6-465f8a90e884:autoScalingGroupName/JFS FrontEnd ASG",
            "availability_zones": [
              "eu-west-1a",
              "eu-west-1b"
            ],
            "capacity_rebalance": false,
            "default_cooldown": 300,
            "desired_capacity": 0,
            "enabled_metrics": [],
            "force_delete": false,
            "force_delete_warm_pool": false,
            "health_check_grace_period": 300,
            "health_check_type": "ELB",
            "id": "JFS FrontEnd ASG",
            "initial_lifecycle_hook": [],
            "instance_refresh": [],
            "launch_configuration": "JFS Launch Configuration20220323130406037400000001",
            "launch_template": [],
            "load_balancers": [],
            "max_instance_lifetime": 0,
            "max_size": 0,
            "metrics_granularity": "1Minute",
            "min_elb_capacity": null,
            "min_size": 0,
            "mixed_instances_policy": [],
            "name": "JFS FrontEnd ASG",
            "name_prefix": null,
            "placement_group": "",
            "protect_from_scale_in": false,
            "service_linked_role_arn": "arn:aws:iam::111528734203:role/aws-service-role/autoscaling.amazonaws.com/AWSServiceRoleForAutoScaling",
            "suspended_processes": [],
            "tag": [
              {
                "key": "Name",
                "propagate_at_launch": true,
                "value": "JFS FrontEnd ASG"
              }
            ],
            "tags": null,
            "target_group_arns": [
              "arn:aws:elasticloadbalancing:eu-west-1:111528734203:targetgroup/jfs-front-end-target-group/0a19c302d0f7e6e2"
            ],
            "termination_policies": [],
            "timeouts": null,
            "vpc_zone_identifier": [
              "subnet-0222b899d0f8f7ee7",
              "subnet-02fb945bcbc86a461"
            ],
            "wait_for_capacity_timeout": "10m",
            "wait_for_elb_capacity": null,
            "warm_pool": []
          },
          "private": "eyJlMmJmYjczMC1lY2FhLTExZTYtOGY4OC0zNDM2M2JjN2M0YzAiOnsiZGVsZXRlIjo2MDAwMDAwMDAwMDB9fQ==",
          "dependencies": [
            "aws_key_pair.ssh-key",
            "aws_launch_configuration.jfs_launch_config",
            "aws_lb_target_group.jfs-front-end-tg",
            "aws_security_group.jfs_asg_sg",
            "aws_subnet.jfs-private-1a",
            "aws_subnet.jfs-private-1b"
          ]
        }
      ]
    },
    {
      "mode": "managed",
      "type": "aws_db_instance",
      "name": "jfs-db",
      "provider": "provider.aws",
      "instances": [
        {
          "schema_version": 1,
          "attributes": {
            "address": "jfs-database.ck89alzamfaj.eu-west-1.rds.amazonaws.com",
            "allocated_storage": 10,
            "allow_major_version_upgrade": null,
            "apply_immediately": null,
            "arn": "arn:aws:rds:eu-west-1:111528734203:db:jfs-database",
            "auto_minor_version_upgrade": true,
            "availability_zone": "eu-west-1b",
            "backup_retention_period": 7,
            "backup_window": "03:56-04:26",
            "ca_cert_identifier": "rds-ca-2019",
            "character_set_name": null,
            "copy_tags_to_snapshot": false,
            "db_subnet_group_name": "jfs-database-subnet-group",
            "delete_automated_backups": true,
            "deletion_protection": false,
            "domain": "",
            "domain_iam_role_name": "",
            "enabled_cloudwatch_logs_exports": [],
            "endpoint": "jfs-database.ck89alzamfaj.eu-west-1.rds.amazonaws.com:3306",
            "engine": "mysql",
            "engine_version": "8.0.27",
            "final_snapshot_identifier": null,
            "hosted_zone_id": "Z29XKXDKYMONMX",
            "iam_database_authentication_enabled": false,
            "id": "jfs-database",
            "identifier": "jfs-database",
            "identifier_prefix": null,
            "instance_class": "db.t2.micro",
            "iops": 0,
            "kms_key_id": "",
            "latest_restorable_time": "2022-03-23T13:00:01Z",
            "license_model": "general-public-license",
            "maintenance_window": "wed:00:06-wed:00:36",
            "max_allocated_storage": 0,
            "monitoring_interval": 0,
            "monitoring_role_arn": "",
            "multi_az": true,
            "name": "magento",
            "option_group_name": "default:mysql-8-0",
            "parameter_group_name": "default.mysql8.0",
            "password": "Supersecretpassword",
            "performance_insights_enabled": false,
            "performance_insights_kms_key_id": "",
            "performance_insights_retention_period": 0,
            "port": 3306,
            "publicly_accessible": false,
            "replicas": [],
            "replicate_source_db": "",
            "resource_id": "db-DGC2ZERL5NB6UZ75ZQAERWABEY",
            "restore_to_point_in_time": [],
            "s3_import": [],
            "security_group_names": [],
            "skip_final_snapshot": true,
            "snapshot_identifier": null,
            "status": "available",
            "storage_encrypted": false,
            "storage_type": "gp2",
            "tags": {
              "Name": "JFS Database",
              "Terraform": "true"
            },
            "timeouts": null,
            "timezone": "",
            "username": "admin",
            "vpc_security_group_ids": [
              "sg-050f0fb38858633ed"
            ]
          },
          "private": "eyJlMmJmYjczMC1lY2FhLTExZTYtOGY4OC0zNDM2M2JjN2M0YzAiOnsiY3JlYXRlIjoyNDAwMDAwMDAwMDAwLCJkZWxldGUiOjM2MDAwMDAwMDAwMDAsInVwZGF0ZSI6NDgwMDAwMDAwMDAwMH0sInNjaGVtYV92ZXJzaW9uIjoiMSJ9",
          "dependencies": [
            "aws_db_subnet_group.jfs-db-subnet",
            "aws_security_group.jfs_db_sg"
          ]
        }
      ]
    },
    {
      "mode": "managed",
      "type": "aws_db_subnet_group",
      "name": "jfs-db-subnet",
      "provider": "provider.aws",
      "instances": [
        {
          "schema_version": 0,
          "attributes": {
            "arn": "arn:aws:rds:eu-west-1:111528734203:subgrp:jfs-database-subnet-group",
            "description": "Managed by Terraform",
            "id": "jfs-database-subnet-group",
            "name": "jfs-database-subnet-group",
            "name_prefix": null,
            "subnet_ids": [
              "subnet-0222b899d0f8f7ee7",
              "subnet-02fb945bcbc86a461"
            ],
            "tags": {
              "Name": "DB Subnet Group",
              "Terraform": "true"
            }
          },
          "private": "bnVsbA==",
          "dependencies": [
            "aws_subnet.jfs-private-1a",
            "aws_subnet.jfs-private-1b"
          ]
        }
      ]
    },
    {
      "mode": "managed",
      "type": "aws_efs_file_system",
      "name": "jfs_efs",
      "provider": "provider.aws",
      "instances": [
        {
          "schema_version": 0,
          "attributes": {
            "arn": "arn:aws:elasticfilesystem:eu-west-1:111528734203:file-system/fs-02873fda3cce63d2f",
            "availability_zone_id": "",
            "availability_zone_name": "",
            "creation_token": "jfs-elastic-file-system",
            "dns_name": "fs-02873fda3cce63d2f.efs.eu-west-1.amazonaws.com",
            "encrypted": false,
            "id": "fs-02873fda3cce63d2f",
            "kms_key_id": "",
            "lifecycle_policy": [],
            "number_of_mount_targets": 2,
            "owner_id": "111528734203",
            "performance_mode": "generalPurpose",
            "provisioned_throughput_in_mibps": 0,
            "size_in_bytes": [
              {
                "value": 6144,
                "value_in_ia": 0,
                "value_in_standard": 6144
              }
            ],
            "tags": {
              "Name": "JFS Elastic File System",
              "Terraform": "true"
            },
            "throughput_mode": "bursting"
          },
          "private": "bnVsbA=="
        }
      ]
    },
    {
      "mode": "managed",
      "type": "aws_efs_mount_target",
      "name": "jfs-mount-priavte-1a",
      "provider": "provider.aws",
      "instances": [
        {
          "schema_version": 0,
          "attributes": {
            "availability_zone_id": "euw1-az3",
            "availability_zone_name": "eu-west-1a",
            "dns_name": "fs-02873fda3cce63d2f.efs.eu-west-1.amazonaws.com",
            "file_system_arn": "arn:aws:elasticfilesystem:eu-west-1:111528734203:file-system/fs-02873fda3cce63d2f",
            "file_system_id": "fs-02873fda3cce63d2f",
            "id": "fsmt-042a5b16e8492b9aa",
            "ip_address": "10.0.3.24",
            "mount_target_dns_name": "eu-west-1a.fs-02873fda3cce63d2f.efs.eu-west-1.amazonaws.com",
            "network_interface_id": "eni-0f67af1bf3c3819cf",
            "owner_id": "111528734203",
            "security_groups": [
              "sg-0707aa716425c157f"
            ],
            "subnet_id": "subnet-02fb945bcbc86a461"
          },
          "private": "bnVsbA==",
          "dependencies": [
            "aws_efs_file_system.jfs_efs",
            "aws_security_group.jfs_asg_sg",
            "aws_security_group.jfs_efs_sg",
            "aws_subnet.jfs-private-1a",
            "aws_vpc.jfs_vpc"
          ]
        }
      ]
    },
    {
      "mode": "managed",
      "type": "aws_efs_mount_target",
      "name": "jfs-mount-priavte-1b",
      "provider": "provider.aws",
      "instances": [
        {
          "schema_version": 0,
          "attributes": {
            "availability_zone_id": "euw1-az1",
            "availability_zone_name": "eu-west-1b",
            "dns_name": "fs-02873fda3cce63d2f.efs.eu-west-1.amazonaws.com",
            "file_system_arn": "arn:aws:elasticfilesystem:eu-west-1:111528734203:file-system/fs-02873fda3cce63d2f",
            "file_system_id": "fs-02873fda3cce63d2f",
            "id": "fsmt-0f3463d577883a3cf",
            "ip_address": "10.0.5.35",
            "mount_target_dns_name": "eu-west-1b.fs-02873fda3cce63d2f.efs.eu-west-1.amazonaws.com",
            "network_interface_id": "eni-03111581f7f9c5d49",
            "owner_id": "111528734203",
            "security_groups": [
              "sg-0707aa716425c157f"
            ],
            "subnet_id": "subnet-0222b899d0f8f7ee7"
          },
          "private": "bnVsbA==",
          "dependencies": [
            "aws_efs_file_system.jfs_efs",
            "aws_security_group.jfs_asg_sg",
            "aws_security_group.jfs_efs_sg",
            "aws_subnet.jfs-private-1b",
            "aws_vpc.jfs_vpc"
          ]
        }
      ]
    },
    {
      "mode": "managed",
      "type": "aws_eip",
      "name": "jfs-nat1",
      "provider": "provider.aws",
      "instances": [
        {
          "schema_version": 0,
          "attributes": {
            "allocation_id": null,
            "associate_with_private_ip": null,
            "association_id": "eipassoc-0f0324c16d7045d16",
            "carrier_ip": "",
            "customer_owned_ip": "",
            "customer_owned_ipv4_pool": "",
            "domain": "vpc",
            "id": "eipalloc-0d9099d2875113eaf",
            "instance": "",
            "network_border_group": "eu-west-1",
            "network_interface": "eni-0906f8afc7a240092",
            "private_dns": "ip-10-0-1-145.eu-west-1.compute.internal",
            "private_ip": "10.0.1.145",
            "public_dns": "ec2-34-251-145-40.eu-west-1.compute.amazonaws.com",
            "public_ip": "34.251.145.40",
            "public_ipv4_pool": "amazon",
            "tags": {},
            "timeouts": null,
            "vpc": true
          },
          "private": "eyJlMmJmYjczMC1lY2FhLTExZTYtOGY4OC0zNDM2M2JjN2M0YzAiOnsiZGVsZXRlIjoxODAwMDAwMDAwMDAsInJlYWQiOjkwMDAwMDAwMDAwMCwidXBkYXRlIjozMDAwMDAwMDAwMDB9fQ=="
        }
      ]
    },
    {
      "mode": "managed",
      "type": "aws_eip",
      "name": "jfs-nat2",
      "provider": "provider.aws",
      "instances": [
        {
          "schema_version": 0,
          "attributes": {
            "allocation_id": null,
            "associate_with_private_ip": null,
            "association_id": "eipassoc-000b54a958234e88a",
            "carrier_ip": "",
            "customer_owned_ip": "",
            "customer_owned_ipv4_pool": "",
            "domain": "vpc",
            "id": "eipalloc-015c594ba54fe22a6",
            "instance": "",
            "network_border_group": "eu-west-1",
            "network_interface": "eni-0af147d8a6747a057",
            "private_dns": "ip-10-0-2-34.eu-west-1.compute.internal",
            "private_ip": "10.0.2.34",
            "public_dns": "ec2-52-211-47-86.eu-west-1.compute.amazonaws.com",
            "public_ip": "52.211.47.86",
            "public_ipv4_pool": "amazon",
            "tags": {},
            "timeouts": null,
            "vpc": true
          },
          "private": "eyJlMmJmYjczMC1lY2FhLTExZTYtOGY4OC0zNDM2M2JjN2M0YzAiOnsiZGVsZXRlIjoxODAwMDAwMDAwMDAsInJlYWQiOjkwMDAwMDAwMDAwMCwidXBkYXRlIjozMDAwMDAwMDAwMDB9fQ=="
        }
      ]
    },
    {
      "mode": "managed",
      "type": "aws_elasticache_replication_group",
      "name": "jfs_elasticache",
      "provider": "provider.aws",
      "instances": [
        {
          "schema_version": 1,
          "attributes": {
            "apply_immediately": null,
            "arn": "arn:aws:elasticache:eu-west-1:111528734203:replicationgroup:jfs-replication-group",
            "at_rest_encryption_enabled": false,
            "auth_token": "",
            "auto_minor_version_upgrade": true,
            "automatic_failover_enabled": true,
            "availability_zones": null,
            "cluster_enabled": false,
            "cluster_mode": [
              {
                "num_node_groups": 1,
                "replicas_per_node_group": 1
              }
            ],
            "configuration_endpoint_address": null,
            "engine": "redis",
            "engine_version": "5.0.4",
            "final_snapshot_identifier": null,
            "global_replication_group_id": null,
            "id": "jfs-replication-group",
            "kms_key_id": "",
            "maintenance_window": "fri:04:30-fri:05:30",
            "member_clusters": [
              "jfs-replication-group-001",
              "jfs-replication-group-002"
            ],
            "multi_az_enabled": false,
            "node_type": "cache.t2.micro",
            "notification_topic_arn": null,
            "number_cache_clusters": 2,
            "parameter_group_name": "default.redis5.0",
            "port": 6379,
            "primary_endpoint_address": "jfs-replication-group.ec1r7w.ng.0001.euw1.cache.amazonaws.com",
            "reader_endpoint_address": "jfs-replication-group-ro.ec1r7w.ng.0001.euw1.cache.amazonaws.com",
            "replication_group_description": "jfs-elasticache-group",
            "replication_group_id": "jfs-replication-group",
            "security_group_ids": [
              "sg-0d4127f96da2e54be"
            ],
            "security_group_names": [],
            "snapshot_arns": null,
            "snapshot_name": null,
            "snapshot_retention_limit": 0,
            "snapshot_window": "23:00-00:00",
            "subnet_group_name": "jfs-elasticache-subnet-group",
            "tags": {
              "Name": "JFS Elasticache Replication Group",
              "Terraform": "true"
            },
            "timeouts": null,
            "transit_encryption_enabled": false
          },
          "private": "eyJlMmJmYjczMC1lY2FhLTExZTYtOGY4OC0zNDM2M2JjN2M0YzAiOnsiY3JlYXRlIjozNjAwMDAwMDAwMDAwLCJkZWxldGUiOjI0MDAwMDAwMDAwMDAsInVwZGF0ZSI6MjQwMDAwMDAwMDAwMH0sInNjaGVtYV92ZXJzaW9uIjoiMSJ9",
          "dependencies": [
            "aws_elasticache_subnet_group.jfs_elasticache_subnet",
            "aws_security_group.jfs_asg_sg",
            "aws_security_group.jfs_elasticache_sg",
            "aws_subnet.jfs-private-1a",
            "aws_subnet.jfs-private-1b",
            "aws_vpc.jfs_vpc"
          ]
        }
      ]
    },
    {
      "mode": "managed",
      "type": "aws_elasticache_subnet_group",
      "name": "jfs_elasticache_subnet",
      "provider": "provider.aws",
      "instances": [
        {
          "schema_version": 0,
          "attributes": {
            "description": "Managed by Terraform",
            "id": "jfs-elasticache-subnet-group",
            "name": "jfs-elasticache-subnet-group",
            "subnet_ids": [
              "subnet-0222b899d0f8f7ee7",
              "subnet-02fb945bcbc86a461"
            ]
          },
          "private": "bnVsbA==",
          "dependencies": [
            "aws_subnet.jfs-private-1a",
            "aws_subnet.jfs-private-1b"
          ]
        }
      ]
    },
    {
      "mode": "managed",
      "type": "aws_instance",
      "name": "Jfs_bastion_host-1a",
      "provider": "provider.aws",
      "instances": [
        {
          "schema_version": 1,
          "attributes": {
            "ami": "ami-0b4b2d87bdd32212a",
            "arn": "arn:aws:ec2:eu-west-1:111528734203:instance/i-0bef6031706510c3b",
            "associate_public_ip_address": true,
            "availability_zone": "eu-west-1a",
            "cpu_core_count": 1,
            "cpu_threads_per_core": 1,
            "credit_specification": [
              {
                "cpu_credits": "standard"
              }
            ],
            "disable_api_termination": false,
            "ebs_block_device": [],
            "ebs_optimized": false,
            "enclave_options": [
              {
                "enabled": false
              }
            ],
            "ephemeral_block_device": [],
            "get_password_data": false,
            "hibernation": false,
            "host_id": null,
            "iam_instance_profile": "",
            "id": "i-0bef6031706510c3b",
            "instance_initiated_shutdown_behavior": null,
            "instance_state": "running",
            "instance_type": "t2.micro",
            "ipv6_address_count": 0,
            "ipv6_addresses": [],
            "key_name": "ssh-key",
            "metadata_options": [
              {
                "http_endpoint": "enabled",
                "http_put_response_hop_limit": 1,
                "http_tokens": "optional"
              }
            ],
            "monitoring": false,
            "network_interface": [],
            "outpost_arn": "",
            "password_data": "",
            "placement_group": "",
            "primary_network_interface_id": "eni-0cc9f00bba9caab36",
            "private_dns": "ip-10-0-1-115.eu-west-1.compute.internal",
            "private_ip": "10.0.1.115",
            "public_dns": "",
            "public_ip": "176.34.72.144",
            "root_block_device": [
              {
                "delete_on_termination": true,
                "device_name": "/dev/xvda",
                "encrypted": false,
                "iops": 100,
                "kms_key_id": "",
                "tags": {},
                "throughput": 0,
                "volume_id": "vol-0dff5aed0d85bc1c1",
                "volume_size": 8,
                "volume_type": "gp2"
              }
            ],
            "secondary_private_ips": [],
            "security_groups": [],
            "source_dest_check": true,
            "subnet_id": "subnet-00b9793108fd626ff",
            "tags": {
              "Name": "JFS Bastion Host - 1A",
              "Terraform": "true"
            },
            "tenancy": "default",
            "timeouts": null,
            "user_data": null,
            "user_data_base64": null,
            "volume_tags": null,
            "vpc_security_group_ids": [
              "sg-04de9c9b8c6d12e6d"
            ]
          },
          "private": "eyJlMmJmYjczMC1lY2FhLTExZTYtOGY4OC0zNDM2M2JjN2M0YzAiOnsiY3JlYXRlIjo2MDAwMDAwMDAwMDAsImRlbGV0ZSI6MTIwMDAwMDAwMDAwMCwidXBkYXRlIjo2MDAwMDAwMDAwMDB9LCJzY2hlbWFfdmVyc2lvbiI6IjEifQ==",
          "dependencies": [
            "aws_key_pair.ssh-key",
            "aws_security_group.jfs_bastion_sg",
            "aws_subnet.jfs-public-1a",
            "aws_vpc.jfs_vpc"
          ]
        }
      ]
    },
    {
      "mode": "managed",
      "type": "aws_instance",
      "name": "jfs_bastion_host-1b",
      "provider": "provider.aws",
      "instances": [
        {
          "schema_version": 1,
          "attributes": {
            "ami": "ami-0b4b2d87bdd32212a",
            "arn": "arn:aws:ec2:eu-west-1:111528734203:instance/i-0630d581b129c35bd",
            "associate_public_ip_address": true,
            "availability_zone": "eu-west-1b",
            "cpu_core_count": 1,
            "cpu_threads_per_core": 1,
            "credit_specification": [
              {
                "cpu_credits": "standard"
              }
            ],
            "disable_api_termination": false,
            "ebs_block_device": [],
            "ebs_optimized": false,
            "enclave_options": [
              {
                "enabled": false
              }
            ],
            "ephemeral_block_device": [],
            "get_password_data": false,
            "hibernation": false,
            "host_id": null,
            "iam_instance_profile": "",
            "id": "i-0630d581b129c35bd",
            "instance_initiated_shutdown_behavior": null,
            "instance_state": "running",
            "instance_type": "t2.micro",
            "ipv6_address_count": 0,
            "ipv6_addresses": [],
            "key_name": "ssh-key",
            "metadata_options": [
              {
                "http_endpoint": "enabled",
                "http_put_response_hop_limit": 1,
                "http_tokens": "optional"
              }
            ],
            "monitoring": false,
            "network_interface": [],
            "outpost_arn": "",
            "password_data": "",
            "placement_group": "",
            "primary_network_interface_id": "eni-07d6cf41e46d1920b",
            "private_dns": "ip-10-0-2-163.eu-west-1.compute.internal",
            "private_ip": "10.0.2.163",
            "public_dns": "",
            "public_ip": "54.154.5.100",
            "root_block_device": [
              {
                "delete_on_termination": true,
                "device_name": "/dev/xvda",
                "encrypted": false,
                "iops": 100,
                "kms_key_id": "",
                "tags": {},
                "throughput": 0,
                "volume_id": "vol-0dc40635d2cbadfce",
                "volume_size": 8,
                "volume_type": "gp2"
              }
            ],
            "secondary_private_ips": [],
            "security_groups": [],
            "source_dest_check": true,
            "subnet_id": "subnet-044f885be67519f8d",
            "tags": {
              "Name": "JFS Bastion Host - 1B",
              "Terraform": "true"
            },
            "tenancy": "default",
            "timeouts": null,
            "user_data": null,
            "user_data_base64": null,
            "volume_tags": null,
            "vpc_security_group_ids": [
              "sg-04de9c9b8c6d12e6d"
            ]
          },
          "private": "eyJlMmJmYjczMC1lY2FhLTExZTYtOGY4OC0zNDM2M2JjN2M0YzAiOnsiY3JlYXRlIjo2MDAwMDAwMDAwMDAsImRlbGV0ZSI6MTIwMDAwMDAwMDAwMCwidXBkYXRlIjo2MDAwMDAwMDAwMDB9LCJzY2hlbWFfdmVyc2lvbiI6IjEifQ==",
          "dependencies": [
            "aws_key_pair.ssh-key",
            "aws_security_group.jfs_bastion_sg",
            "aws_subnet.jfs-public-1b",
            "aws_vpc.jfs_vpc"
          ]
        }
      ]
    },
    {
      "mode": "managed",
      "type": "aws_internet_gateway",
      "name": "jfs-igw",
      "provider": "provider.aws",
      "instances": [
        {
          "schema_version": 0,
          "attributes": {
            "arn": "arn:aws:ec2:eu-west-1:111528734203:internet-gateway/igw-0871939c0e5637b38",
            "id": "igw-0871939c0e5637b38",
            "owner_id": "111528734203",
            "tags": {
              "Name": "JFS Internet Gateway",
              "Terraform": "true"
            },
            "vpc_id": "vpc-006a5d42f2fbdbb28"
          },
          "private": "bnVsbA==",
          "dependencies": [
            "aws_vpc.jfs_vpc"
          ]
        }
      ]
    },
    {
      "mode": "managed",
      "type": "aws_key_pair",
      "name": "ssh-key",
      "provider": "provider.aws",
      "instances": [
        {
          "schema_version": 1,
          "attributes": {
            "arn": "arn:aws:ec2:eu-west-1:111528734203:key-pair/ssh-key",
            "fingerprint": "12:aa:92:71:03:83:23:6c:e8:87:11:32:eb:14:07:65",
            "id": "ssh-key",
            "key_name": "ssh-key",
            "key_name_prefix": null,
            "key_pair_id": "key-0e7d97fe888160238",
            "public_key": "ssh-rsa AAAAB3NzaC1yc2EAAAADAQABAAABAQClUuQnPuOKvG6D5Ji6WVnVHc/5h/f3gWTR0pjkGQXO7lVKJPR5j8yDcmc03UHX3iUeW8CeSxBZek2nFJcwe8YVYkzKjhBJN/HGOxcscXIBewJoYXzd3prNnD4O84PxqxgMSwb2JzUiD4q88r7/W21Y6tBbgPs2NJEyDFNpMTJ7k6r7jfTx6LatwjKDf6oMxqGNgwi3xyUh/gw0gk3JtYVb7dBOUmc5NKBfC0drVb025Rl250XoJdG+IfeLQJS/px3pj153V4VHMS0cRfIzUMafvAJVV10mrOF1NUaeLCEXJ6jFHZ3xu7Jqmx+FeeojGVNf33dXD9E25qmM0fZK1N1n ec2-user@ip-172-31-16-182.us-west-2.compute.internal",
            "tags": {}
          },
          "private": "eyJzY2hlbWFfdmVyc2lvbiI6IjEifQ=="
        }
      ]
    },
    {
      "mode": "managed",
      "type": "aws_launch_configuration",
      "name": "jfs_launch_config",
      "provider": "provider.aws",
      "instances": [
        {
          "schema_version": 0,
          "attributes": {
            "arn": "arn:aws:autoscaling:eu-west-1:111528734203:launchConfiguration:c27692c7-4c88-47da-8c72-7f03d4cb735a:launchConfigurationName/JFS Launch Configuration20220323130406037400000001",
            "associate_public_ip_address": false,
            "ebs_block_device": [],
            "ebs_optimized": false,
            "enable_monitoring": true,
            "ephemeral_block_device": [],
            "iam_instance_profile": "",
            "id": "JFS Launch Configuration20220323130406037400000001",
            "image_id": "ami-0069d66985b09d219",
            "instance_type": "t2.micro",
            "key_name": "ssh-key",
            "metadata_options": [],
            "name": "JFS Launch Configuration20220323130406037400000001",
            "name_prefix": "JFS Launch Configuration",
            "placement_tenancy": null,
            "root_block_device": [],
            "security_groups": [
              "sg-0697bc3cdb4b6bdae"
            ],
            "spot_price": "",
            "user_data": "81d82ccf84584db95dcd60839a5346458a51f35d",
            "user_data_base64": null,
            "vpc_classic_link_id": "",
            "vpc_classic_link_security_groups": null
          },
          "private": "bnVsbA==",
          "dependencies": [
            "aws_key_pair.ssh-key",
            "aws_security_group.jfs_asg_sg"
          ]
        }
      ]
    },
    {
      "mode": "managed",
      "type": "aws_lb",
      "name": "jfs_alb",
      "provider": "provider.aws",
      "instances": [
        {
          "schema_version": 0,
          "attributes": {
            "access_logs": [
              {
                "bucket": "",
                "enabled": false,
                "prefix": ""
              }
            ],
            "arn": "arn:aws:elasticloadbalancing:eu-west-1:111528734203:loadbalancer/app/jfs-app-load-balancer/ad2c3710acb05c36",
            "arn_suffix": "app/jfs-app-load-balancer/ad2c3710acb05c36",
            "customer_owned_ipv4_pool": "",
            "dns_name": "jfs-app-load-balancer-1160216152.eu-west-1.elb.amazonaws.com",
            "drop_invalid_header_fields": false,
            "enable_cross_zone_load_balancing": null,
            "enable_deletion_protection": false,
            "enable_http2": true,
            "id": "arn:aws:elasticloadbalancing:eu-west-1:111528734203:loadbalancer/app/jfs-app-load-balancer/ad2c3710acb05c36",
            "idle_timeout": 60,
            "internal": false,
            "ip_address_type": "ipv4",
            "load_balancer_type": "application",
            "name": "jfs-app-load-balancer",
            "name_prefix": null,
            "security_groups": [
              "sg-02cd5655b773faedc"
            ],
            "subnet_mapping": [
              {
                "allocation_id": "",
                "ipv6_address": "",
                "outpost_id": "",
                "private_ipv4_address": "",
                "subnet_id": "subnet-00b9793108fd626ff"
              },
              {
                "allocation_id": "",
                "ipv6_address": "",
                "outpost_id": "",
                "private_ipv4_address": "",
                "subnet_id": "subnet-044f885be67519f8d"
              }
            ],
            "subnets": [
              "subnet-00b9793108fd626ff",
              "subnet-044f885be67519f8d"
            ],
            "tags": {
              "Name": "JFS Application Load Balancer",
              "Terraform": "True"
            },
            "timeouts": null,
            "vpc_id": "vpc-006a5d42f2fbdbb28",
            "zone_id": "Z32O12XQLNTSW2"
          },
          "private": "eyJlMmJmYjczMC1lY2FhLTExZTYtOGY4OC0zNDM2M2JjN2M0YzAiOnsiY3JlYXRlIjo2MDAwMDAwMDAwMDAsImRlbGV0ZSI6NjAwMDAwMDAwMDAwLCJ1cGRhdGUiOjYwMDAwMDAwMDAwMH19",
          "dependencies": [
            "aws_security_group.jfs_alb_sg",
            "aws_subnet.jfs-public-1a",
            "aws_subnet.jfs-public-1b",
            "aws_vpc.jfs_vpc"
          ]
        }
      ]
    },
    {
      "mode": "managed",
      "type": "aws_lb_target_group",
      "name": "jfs-back-end-tg",
      "provider": "provider.aws",
      "instances": [
        {
          "schema_version": 0,
          "attributes": {
            "arn": "arn:aws:elasticloadbalancing:eu-west-1:111528734203:targetgroup/jfs-back-end-target-group/fea1128fc9a1597b",
            "arn_suffix": "targetgroup/jfs-back-end-target-group/fea1128fc9a1597b",
            "deregistration_delay": 300,
            "health_check": [
              {
                "enabled": true,
                "healthy_threshold": 2,
                "interval": 10,
                "matcher": "200",
                "path": "/healthy.html",
                "port": "traffic-port",
                "protocol": "HTTP",
                "timeout": 5,
                "unhealthy_threshold": 2
              }
            ],
            "id": "arn:aws:elasticloadbalancing:eu-west-1:111528734203:targetgroup/jfs-back-end-target-group/fea1128fc9a1597b",
            "lambda_multi_value_headers_enabled": false,
            "load_balancing_algorithm_type": "round_robin",
            "name": "jfs-back-end-target-group",
            "name_prefix": null,
            "port": 80,
            "preserve_client_ip": null,
            "protocol": "HTTP",
            "protocol_version": "HTTP1",
            "proxy_protocol_v2": false,
            "slow_start": 0,
            "stickiness": [
              {
                "cookie_duration": 86400,
                "enabled": true,
                "type": "lb_cookie"
              }
            ],
            "tags": {
              "Name": "JFS Back End Target Group",
              "Terraform": "True"
            },
            "target_type": "instance",
            "vpc_id": "vpc-006a5d42f2fbdbb28"
          },
          "private": "bnVsbA==",
          "dependencies": [
            "aws_vpc.jfs_vpc"
          ]
        }
      ]
    },
    {
      "mode": "managed",
      "type": "aws_lb_target_group",
      "name": "jfs-front-end-tg",
      "provider": "provider.aws",
      "instances": [
        {
          "schema_version": 0,
          "attributes": {
            "arn": "arn:aws:elasticloadbalancing:eu-west-1:111528734203:targetgroup/jfs-front-end-target-group/0a19c302d0f7e6e2",
            "arn_suffix": "targetgroup/jfs-front-end-target-group/0a19c302d0f7e6e2",
            "deregistration_delay": 300,
            "health_check": [
              {
                "enabled": true,
                "healthy_threshold": 2,
                "interval": 10,
                "matcher": "200",
                "path": "/healthy.html",
                "port": "traffic-port",
                "protocol": "HTTP",
                "timeout": 5,
                "unhealthy_threshold": 2
              }
            ],
            "id": "arn:aws:elasticloadbalancing:eu-west-1:111528734203:targetgroup/jfs-front-end-target-group/0a19c302d0f7e6e2",
            "lambda_multi_value_headers_enabled": false,
            "load_balancing_algorithm_type": "round_robin",
            "name": "jfs-front-end-target-group",
            "name_prefix": null,
            "port": 80,
            "preserve_client_ip": null,
            "protocol": "HTTP",
            "protocol_version": "HTTP1",
            "proxy_protocol_v2": false,
            "slow_start": 0,
            "stickiness": [
              {
                "cookie_duration": 86400,
                "enabled": true,
                "type": "lb_cookie"
              }
            ],
            "tags": {
              "Name": "jFS Front End Target Group",
              "Terraform": "True"
            },
            "target_type": "instance",
            "vpc_id": "vpc-006a5d42f2fbdbb28"
          },
          "private": "bnVsbA==",
          "dependencies": [
            "aws_vpc.jfs_vpc"
          ]
        }
      ]
    },
    {
      "mode": "managed",
      "type": "aws_nat_gateway",
      "name": "jfs-nat-gateway-1a",
      "provider": "provider.aws",
      "instances": [
        {
          "schema_version": 0,
          "attributes": {
            "allocation_id": "eipalloc-0d9099d2875113eaf",
            "id": "nat-05f3f08d78d23cc30",
            "network_interface_id": "eni-0906f8afc7a240092",
            "private_ip": "10.0.1.145",
            "public_ip": "34.251.145.40",
            "subnet_id": "subnet-00b9793108fd626ff",
            "tags": {
              "Name": "Nat Gateway-1a",
              "Terraform": "True"
            }
          },
          "private": "bnVsbA==",
          "dependencies": [
            "aws_eip.jfs-nat1",
            "aws_subnet.jfs-public-1a"
          ]
        }
      ]
    },
    {
      "mode": "managed",
      "type": "aws_nat_gateway",
      "name": "jfs-nat-gateway-1b",
      "provider": "provider.aws",
      "instances": [
        {
          "schema_version": 0,
          "attributes": {
            "allocation_id": "eipalloc-015c594ba54fe22a6",
            "id": "nat-0d68f9600e30ef639",
            "network_interface_id": "eni-0af147d8a6747a057",
            "private_ip": "10.0.2.34",
            "public_ip": "52.211.47.86",
            "subnet_id": "subnet-044f885be67519f8d",
            "tags": {
              "Name": "Nat Gateway-1b",
              "Terraform": "True"
            }
          },
          "private": "bnVsbA==",
          "dependencies": [
            "aws_eip.jfs-nat2",
            "aws_subnet.jfs-public-1b"
          ]
        }
      ]
    },
    {
      "mode": "managed",
      "type": "aws_route_table",
      "name": "jfs-public",
      "provider": "provider.aws",
      "instances": [
        {
          "schema_version": 0,
          "attributes": {
            "arn": "arn:aws:ec2:eu-west-1:111528734203:route-table/rtb-0bcf85a3ded49cf0b",
            "id": "rtb-0bcf85a3ded49cf0b",
            "owner_id": "111528734203",
            "propagating_vgws": [],
            "route": [
              {
                "carrier_gateway_id": "",
                "cidr_block": "0.0.0.0/0",
                "destination_prefix_list_id": "",
                "egress_only_gateway_id": "",
                "gateway_id": "igw-0871939c0e5637b38",
                "instance_id": "",
                "ipv6_cidr_block": "",
                "local_gateway_id": "",
                "nat_gateway_id": "",
                "network_interface_id": "",
                "transit_gateway_id": "",
                "vpc_endpoint_id": "",
                "vpc_peering_connection_id": ""
              }
            ],
            "tags": {
              "Name": "JFS Public Route Table",
              "Terraform": "true"
            },
            "vpc_id": "vpc-006a5d42f2fbdbb28"
          },
          "private": "bnVsbA==",
          "dependencies": [
            "aws_internet_gateway.jfs-igw",
            "aws_vpc.jfs_vpc"
          ]
        }
      ]
    },
    {
      "mode": "managed",
      "type": "aws_route_table",
      "name": "jfs_private_route_table_1a",
      "provider": "provider.aws",
      "instances": [
        {
          "schema_version": 0,
          "attributes": {
            "arn": "arn:aws:ec2:eu-west-1:111528734203:route-table/rtb-001cef010a22e6308",
            "id": "rtb-001cef010a22e6308",
            "owner_id": "111528734203",
            "propagating_vgws": [],
            "route": [
              {
                "carrier_gateway_id": "",
                "cidr_block": "0.0.0.0/0",
                "destination_prefix_list_id": "",
                "egress_only_gateway_id": "",
                "gateway_id": "",
                "instance_id": "",
                "ipv6_cidr_block": "",
                "local_gateway_id": "",
                "nat_gateway_id": "nat-05f3f08d78d23cc30",
                "network_interface_id": "",
                "transit_gateway_id": "",
                "vpc_endpoint_id": "",
                "vpc_peering_connection_id": ""
              }
            ],
            "tags": {
              "Name": "JFS Private route table 1A",
              "Terraform": "True"
            },
            "vpc_id": "vpc-006a5d42f2fbdbb28"
          },
          "private": "bnVsbA==",
          "dependencies": [
            "aws_nat_gateway.jfs-nat-gateway-1a",
            "aws_vpc.jfs_vpc"
          ]
        }
      ]
    },
    {
      "mode": "managed",
      "type": "aws_route_table",
      "name": "jfs_private_route_table_1b",
      "provider": "provider.aws",
      "instances": [
        {
          "schema_version": 0,
          "attributes": {
            "arn": "arn:aws:ec2:eu-west-1:111528734203:route-table/rtb-06c7355959a5521a3",
            "id": "rtb-06c7355959a5521a3",
            "owner_id": "111528734203",
            "propagating_vgws": [],
            "route": [
              {
                "carrier_gateway_id": "",
                "cidr_block": "0.0.0.0/0",
                "destination_prefix_list_id": "",
                "egress_only_gateway_id": "",
                "gateway_id": "",
                "instance_id": "",
                "ipv6_cidr_block": "",
                "local_gateway_id": "",
                "nat_gateway_id": "nat-0d68f9600e30ef639",
                "network_interface_id": "",
                "transit_gateway_id": "",
                "vpc_endpoint_id": "",
                "vpc_peering_connection_id": ""
              }
            ],
            "tags": {
              "Name": "JFS Private route table 1B",
              "Terraform": "True"
            },
            "vpc_id": "vpc-006a5d42f2fbdbb28"
          },
          "private": "bnVsbA==",
          "dependencies": [
            "aws_nat_gateway.jfs-nat-gateway-1b",
            "aws_vpc.jfs_vpc"
          ]
        }
      ]
    },
    {
      "mode": "managed",
      "type": "aws_route_table_association",
      "name": "Jfs-1a",
      "provider": "provider.aws",
      "instances": [
        {
          "schema_version": 0,
          "attributes": {
            "gateway_id": null,
            "id": "rtbassoc-0e29ce5b4361cc4a4",
            "route_table_id": "rtb-001cef010a22e6308",
            "subnet_id": "subnet-02fb945bcbc86a461"
          },
          "private": "bnVsbA==",
          "dependencies": [
            "aws_nat_gateway.jfs-nat-gateway-1a",
            "aws_route_table.jfs_private_route_table_1a",
            "aws_subnet.jfs-private-1a",
            "aws_vpc.jfs_vpc"
          ]
        }
      ]
    },
    {
      "mode": "managed",
      "type": "aws_route_table_association",
      "name": "jfs-1b",
      "provider": "provider.aws",
      "instances": [
        {
          "schema_version": 0,
          "attributes": {
            "gateway_id": null,
            "id": "rtbassoc-05e3a48006c8d0767",
            "route_table_id": "rtb-06c7355959a5521a3",
            "subnet_id": "subnet-0222b899d0f8f7ee7"
          },
          "private": "bnVsbA==",
          "dependencies": [
            "aws_route_table.jfs_private_route_table_1b",
            "aws_subnet.jfs-private-1b",
            "aws_vpc.jfs_vpc"
          ]
        }
      ]
    },
    {
      "mode": "managed",
      "type": "aws_route_table_association",
      "name": "jfs-public-1a-association",
      "provider": "provider.aws",
      "instances": [
        {
          "schema_version": 0,
          "attributes": {
            "gateway_id": null,
            "id": "rtbassoc-08e13e8d57d62c043",
            "route_table_id": "rtb-0bcf85a3ded49cf0b",
            "subnet_id": "subnet-00b9793108fd626ff"
          },
          "private": "bnVsbA==",
          "dependencies": [
            "aws_internet_gateway.jfs-igw",
            "aws_route_table.jfs-public",
            "aws_subnet.jfs-public-1a",
            "aws_vpc.jfs_vpc"
          ]
        }
      ]
    },
    {
      "mode": "managed",
      "type": "aws_route_table_association",
      "name": "jfs-public-1b-association",
      "provider": "provider.aws",
      "instances": [
        {
          "schema_version": 0,
          "attributes": {
            "gateway_id": null,
            "id": "rtbassoc-0c8432604de5be4d1",
            "route_table_id": "rtb-0bcf85a3ded49cf0b",
            "subnet_id": "subnet-044f885be67519f8d"
          },
          "private": "bnVsbA==",
          "dependencies": [
            "aws_internet_gateway.jfs-igw",
            "aws_route_table.jfs-public",
            "aws_subnet.jfs-public-1b",
            "aws_vpc.jfs_vpc"
          ]
        }
      ]
    },
    {
      "mode": "managed",
      "type": "aws_security_group",
      "name": "jfs_alb_sg",
      "provider": "provider.aws",
      "instances": [
        {
          "schema_version": 1,
          "attributes": {
            "arn": "arn:aws:ec2:eu-west-1:111528734203:security-group/sg-02cd5655b773faedc",
            "description": "Managed by Terraform",
            "egress": [
              {
                "cidr_blocks": [
                  "0.0.0.0/0"
                ],
                "description": "",
                "from_port": 0,
                "ipv6_cidr_blocks": [],
                "prefix_list_ids": [],
                "protocol": "-1",
                "security_groups": [],
                "self": false,
                "to_port": 0
              }
            ],
            "id": "sg-02cd5655b773faedc",
            "ingress": [
              {
                "cidr_blocks": [
                  "0.0.0.0/0"
                ],
                "description": "",
                "from_port": 443,
                "ipv6_cidr_blocks": [],
                "prefix_list_ids": [],
                "protocol": "tcp",
                "security_groups": [],
                "self": false,
                "to_port": 443
              }
            ],
            "name": "ALB Security Group",
            "name_prefix": "",
            "owner_id": "111528734203",
            "revoke_rules_on_delete": false,
            "tags": {
              "Name": "JFS ALB Security Group",
              "Terraform": "True"
            },
            "timeouts": null,
            "vpc_id": "vpc-006a5d42f2fbdbb28"
          },
          "private": "eyJlMmJmYjczMC1lY2FhLTExZTYtOGY4OC0zNDM2M2JjN2M0YzAiOnsiY3JlYXRlIjo2MDAwMDAwMDAwMDAsImRlbGV0ZSI6OTAwMDAwMDAwMDAwfSwic2NoZW1hX3ZlcnNpb24iOiIxIn0=",
          "dependencies": [
            "aws_vpc.jfs_vpc"
          ]
        }
      ]
    },
    {
      "mode": "managed",
      "type": "aws_security_group",
      "name": "jfs_asg_sg",
      "provider": "provider.aws",
      "instances": [
        {
          "schema_version": 1,
          "attributes": {
            "arn": "arn:aws:ec2:eu-west-1:111528734203:security-group/sg-0697bc3cdb4b6bdae",
            "description": "Managed by Terraform",
            "egress": [
              {
                "cidr_blocks": [
                  "0.0.0.0/0"
                ],
                "description": "",
                "from_port": 0,
                "ipv6_cidr_blocks": [],
                "prefix_list_ids": [],
                "protocol": "-1",
                "security_groups": [],
                "self": false,
                "to_port": 0
              }
            ],
            "id": "sg-0697bc3cdb4b6bdae",
            "ingress": [
              {
                "cidr_blocks": [],
                "description": "",
                "from_port": 22,
                "ipv6_cidr_blocks": [],
                "prefix_list_ids": [],
                "protocol": "tcp",
                "security_groups": [
                  "sg-04de9c9b8c6d12e6d"
                ],
                "self": false,
                "to_port": 22
              },
              {
                "cidr_blocks": [],
                "description": "",
                "from_port": 80,
                "ipv6_cidr_blocks": [],
                "prefix_list_ids": [],
                "protocol": "tcp",
                "security_groups": [
                  "sg-02cd5655b773faedc"
                ],
                "self": false,
                "to_port": 80
              }
            ],
            "name": "ASG Security Group",
            "name_prefix": "",
            "owner_id": "111528734203",
            "revoke_rules_on_delete": false,
            "tags": {
              "Name": "JFS ASG Security Group",
              "Terraform": "true"
            },
            "timeouts": null,
            "vpc_id": "vpc-006a5d42f2fbdbb28"
          },
          "private": "eyJlMmJmYjczMC1lY2FhLTExZTYtOGY4OC0zNDM2M2JjN2M0YzAiOnsiY3JlYXRlIjo2MDAwMDAwMDAwMDAsImRlbGV0ZSI6OTAwMDAwMDAwMDAwfSwic2NoZW1hX3ZlcnNpb24iOiIxIn0=",
          "dependencies": [
            "aws_security_group.jfs_alb_sg",
            "aws_security_group.jfs_bastion_sg",
            "aws_vpc.jfs_vpc"
          ]
        }
      ]
    },
    {
      "mode": "managed",
      "type": "aws_security_group",
      "name": "jfs_bastion_sg",
      "provider": "provider.aws",
      "instances": [
        {
          "schema_version": 1,
          "attributes": {
            "arn": "arn:aws:ec2:eu-west-1:111528734203:security-group/sg-04de9c9b8c6d12e6d",
            "description": "Managed by Terraform",
            "egress": [
              {
                "cidr_blocks": [
                  "0.0.0.0/0"
                ],
                "description": "",
                "from_port": 0,
                "ipv6_cidr_blocks": [],
                "prefix_list_ids": [],
                "protocol": "-1",
                "security_groups": [],
                "self": false,
                "to_port": 0
              }
            ],
            "id": "sg-04de9c9b8c6d12e6d",
            "ingress": [
              {
                "cidr_blocks": [
                  "0.0.0.0/0"
                ],
                "description": "",
                "from_port": 22,
                "ipv6_cidr_blocks": [],
                "prefix_list_ids": [],
                "protocol": "tcp",
                "security_groups": [],
                "self": false,
                "to_port": 22
              }
            ],
            "name": "Bastion Host Security Group",
            "name_prefix": "",
            "owner_id": "111528734203",
            "revoke_rules_on_delete": false,
            "tags": {
              "Name": "JFS Bastion Security Group",
              "Terraform": "true"
            },
            "timeouts": null,
            "vpc_id": "vpc-006a5d42f2fbdbb28"
          },
          "private": "eyJlMmJmYjczMC1lY2FhLTExZTYtOGY4OC0zNDM2M2JjN2M0YzAiOnsiY3JlYXRlIjo2MDAwMDAwMDAwMDAsImRlbGV0ZSI6OTAwMDAwMDAwMDAwfSwic2NoZW1hX3ZlcnNpb24iOiIxIn0=",
          "dependencies": [
            "aws_vpc.jfs_vpc"
          ]
        }
      ]
    },
    {
      "mode": "managed",
      "type": "aws_security_group",
      "name": "jfs_db_sg",
      "provider": "provider.aws",
      "instances": [
        {
          "schema_version": 1,
          "attributes": {
            "arn": "arn:aws:ec2:eu-west-1:111528734203:security-group/sg-050f0fb38858633ed",
            "description": "Managed by Terraform",
            "egress": [
              {
                "cidr_blocks": [
                  "0.0.0.0/0"
                ],
                "description": "",
                "from_port": 0,
                "ipv6_cidr_blocks": [],
                "prefix_list_ids": [],
                "protocol": "-1",
                "security_groups": [],
                "self": false,
                "to_port": 0
              }
            ],
            "id": "sg-050f0fb38858633ed",
            "ingress": [
              {
                "cidr_blocks": [],
                "description": "",
                "from_port": 3306,
                "ipv6_cidr_blocks": [],
                "prefix_list_ids": [],
                "protocol": "tcp",
                "security_groups": [
                  "sg-0697bc3cdb4b6bdae"
                ],
                "self": false,
                "to_port": 3306
              }
            ],
            "name": "JFS RDS Security Group",
            "name_prefix": "",
            "owner_id": "111528734203",
            "revoke_rules_on_delete": false,
            "tags": {
              "Name": "RDS Security Group",
              "Terraform": "true"
            },
            "timeouts": null,
            "vpc_id": "vpc-006a5d42f2fbdbb28"
          },
          "private": "eyJlMmJmYjczMC1lY2FhLTExZTYtOGY4OC0zNDM2M2JjN2M0YzAiOnsiY3JlYXRlIjo2MDAwMDAwMDAwMDAsImRlbGV0ZSI6OTAwMDAwMDAwMDAwfSwic2NoZW1hX3ZlcnNpb24iOiIxIn0=",
          "dependencies": [
            "aws_security_group.jfs_asg_sg",
            "aws_vpc.jfs_vpc"
          ]
        }
      ]
    },
    {
      "mode": "managed",
      "type": "aws_security_group",
      "name": "jfs_efs_sg",
      "provider": "provider.aws",
      "instances": [
        {
          "schema_version": 1,
          "attributes": {
            "arn": "arn:aws:ec2:eu-west-1:111528734203:security-group/sg-0707aa716425c157f",
            "description": "Managed by Terraform",
            "egress": [
              {
                "cidr_blocks": [
                  "0.0.0.0/0"
                ],
                "description": "",
                "from_port": 0,
                "ipv6_cidr_blocks": [],
                "prefix_list_ids": [],
                "protocol": "-1",
                "security_groups": [],
                "self": false,
                "to_port": 0
              }
            ],
            "id": "sg-0707aa716425c157f",
            "ingress": [
              {
                "cidr_blocks": [],
                "description": "",
                "from_port": 2049,
                "ipv6_cidr_blocks": [],
                "prefix_list_ids": [],
                "protocol": "tcp",
                "security_groups": [
                  "sg-0697bc3cdb4b6bdae"
                ],
                "self": false,
                "to_port": 2049
              }
            ],
            "name": "JFS EFS Security Group",
            "name_prefix": "",
            "owner_id": "111528734203",
            "revoke_rules_on_delete": false,
            "tags": {
              "Name": "EFS Security Group",
              "Terraform": "true"
            },
            "timeouts": null,
            "vpc_id": "vpc-006a5d42f2fbdbb28"
          },
          "private": "eyJlMmJmYjczMC1lY2FhLTExZTYtOGY4OC0zNDM2M2JjN2M0YzAiOnsiY3JlYXRlIjo2MDAwMDAwMDAwMDAsImRlbGV0ZSI6OTAwMDAwMDAwMDAwfSwic2NoZW1hX3ZlcnNpb24iOiIxIn0=",
          "dependencies": [
            "aws_security_group.jfs_asg_sg",
            "aws_vpc.jfs_vpc"
          ]
        }
      ]
    },
    {
      "mode": "managed",
      "type": "aws_security_group",
      "name": "jfs_elasticache_sg",
      "provider": "provider.aws",
      "instances": [
        {
          "schema_version": 1,
          "attributes": {
            "arn": "arn:aws:ec2:eu-west-1:111528734203:security-group/sg-0d4127f96da2e54be",
            "description": "Managed by Terraform",
            "egress": [
              {
                "cidr_blocks": [
                  "0.0.0.0/0"
                ],
                "description": "",
                "from_port": 0,
                "ipv6_cidr_blocks": [],
                "prefix_list_ids": [],
                "protocol": "-1",
                "security_groups": [],
                "self": false,
                "to_port": 0
              }
            ],
            "id": "sg-0d4127f96da2e54be",
            "ingress": [
              {
                "cidr_blocks": [],
                "description": "",
                "from_port": 6379,
                "ipv6_cidr_blocks": [],
                "prefix_list_ids": [],
                "protocol": "tcp",
                "security_groups": [
                  "sg-0697bc3cdb4b6bdae"
                ],
                "self": false,
                "to_port": 6379
              }
            ],
            "name": "JFS Elasticache Security Group",
            "name_prefix": "",
            "owner_id": "111528734203",
            "revoke_rules_on_delete": false,
            "tags": {
              "Name": "JFS Elasticache Security Group",
              "Terraform": "true"
            },
            "timeouts": null,
            "vpc_id": "vpc-006a5d42f2fbdbb28"
          },
          "private": "eyJlMmJmYjczMC1lY2FhLTExZTYtOGY4OC0zNDM2M2JjN2M0YzAiOnsiY3JlYXRlIjo2MDAwMDAwMDAwMDAsImRlbGV0ZSI6OTAwMDAwMDAwMDAwfSwic2NoZW1hX3ZlcnNpb24iOiIxIn0=",
          "dependencies": [
            "aws_security_group.jfs_asg_sg",
            "aws_vpc.jfs_vpc"
          ]
        }
      ]
    },
    {
      "mode": "managed",
      "type": "aws_subnet",
      "name": "jfs-private-1a",
      "provider": "provider.aws",
      "instances": [
        {
          "schema_version": 1,
          "attributes": {
            "arn": "arn:aws:ec2:eu-west-1:111528734203:subnet/subnet-02fb945bcbc86a461",
            "assign_ipv6_address_on_creation": false,
            "availability_zone": "eu-west-1a",
            "availability_zone_id": "euw1-az3",
            "cidr_block": "10.0.3.0/24",
            "customer_owned_ipv4_pool": "",
            "id": "subnet-02fb945bcbc86a461",
            "ipv6_cidr_block": "",
            "ipv6_cidr_block_association_id": "",
            "map_customer_owned_ip_on_launch": false,
            "map_public_ip_on_launch": false,
            "outpost_arn": "",
            "owner_id": "111528734203",
            "tags": {
              "Name": "JFS Private Subnet - 1A",
              "Terraform": "True"
            },
            "tags_all": {
              "Name": "JFS Private Subnet - 1A",
              "Terraform": "True"
            },
            "timeouts": null,
            "vpc_id": "vpc-006a5d42f2fbdbb28"
          },
          "private": "eyJlMmJmYjczMC1lY2FhLTExZTYtOGY4OC0zNDM2M2JjN2M0YzAiOnsiY3JlYXRlIjo2MDAwMDAwMDAwMDAsImRlbGV0ZSI6MTIwMDAwMDAwMDAwMH0sInNjaGVtYV92ZXJzaW9uIjoiMSJ9",
          "dependencies": [
            "aws_vpc.jfs_vpc"
          ]
        }
      ]
    },
    {
      "mode": "managed",
      "type": "aws_subnet",
      "name": "jfs-private-1b",
      "provider": "provider.aws",
      "instances": [
        {
          "schema_version": 1,
          "attributes": {
            "arn": "arn:aws:ec2:eu-west-1:111528734203:subnet/subnet-0222b899d0f8f7ee7",
            "assign_ipv6_address_on_creation": false,
            "availability_zone": "eu-west-1b",
            "availability_zone_id": "euw1-az1",
            "cidr_block": "10.0.5.0/24",
            "customer_owned_ipv4_pool": "",
            "id": "subnet-0222b899d0f8f7ee7",
            "ipv6_cidr_block": "",
            "ipv6_cidr_block_association_id": "",
            "map_customer_owned_ip_on_launch": false,
            "map_public_ip_on_launch": false,
            "outpost_arn": "",
            "owner_id": "111528734203",
            "tags": {
              "Name": "JFS Private Subnet - 1B",
              "Terraform": "True"
            },
            "tags_all": {
              "Name": "JFS Private Subnet - 1B",
              "Terraform": "True"
            },
            "timeouts": null,
            "vpc_id": "vpc-006a5d42f2fbdbb28"
          },
          "private": "eyJlMmJmYjczMC1lY2FhLTExZTYtOGY4OC0zNDM2M2JjN2M0YzAiOnsiY3JlYXRlIjo2MDAwMDAwMDAwMDAsImRlbGV0ZSI6MTIwMDAwMDAwMDAwMH0sInNjaGVtYV92ZXJzaW9uIjoiMSJ9",
          "dependencies": [
            "aws_vpc.jfs_vpc"
          ]
        }
      ]
    },
    {
      "mode": "managed",
      "type": "aws_subnet",
      "name": "jfs-public-1a",
      "provider": "provider.aws",
      "instances": [
        {
          "schema_version": 1,
          "attributes": {
            "arn": "arn:aws:ec2:eu-west-1:111528734203:subnet/subnet-00b9793108fd626ff",
            "assign_ipv6_address_on_creation": false,
            "availability_zone": "eu-west-1a",
            "availability_zone_id": "euw1-az3",
            "cidr_block": "10.0.1.0/24",
            "customer_owned_ipv4_pool": "",
            "id": "subnet-00b9793108fd626ff",
            "ipv6_cidr_block": "",
            "ipv6_cidr_block_association_id": "",
            "map_customer_owned_ip_on_launch": false,
            "map_public_ip_on_launch": true,
            "outpost_arn": "",
            "owner_id": "111528734203",
            "tags": {
              "Name": "JFS Pblic Subnet - 1A",
              "Terraform": "True"
            },
            "tags_all": {
              "Name": "JFS Pblic Subnet - 1A",
              "Terraform": "True"
            },
            "timeouts": null,
            "vpc_id": "vpc-006a5d42f2fbdbb28"
          },
          "private": "eyJlMmJmYjczMC1lY2FhLTExZTYtOGY4OC0zNDM2M2JjN2M0YzAiOnsiY3JlYXRlIjo2MDAwMDAwMDAwMDAsImRlbGV0ZSI6MTIwMDAwMDAwMDAwMH0sInNjaGVtYV92ZXJzaW9uIjoiMSJ9",
          "dependencies": [
            "aws_vpc.jfs_vpc"
          ]
        }
      ]
    },
    {
      "mode": "managed",
      "type": "aws_subnet",
      "name": "jfs-public-1b",
      "provider": "provider.aws",
      "instances": [
        {
          "schema_version": 1,
          "attributes": {
            "arn": "arn:aws:ec2:eu-west-1:111528734203:subnet/subnet-044f885be67519f8d",
            "assign_ipv6_address_on_creation": false,
            "availability_zone": "eu-west-1b",
            "availability_zone_id": "euw1-az1",
            "cidr_block": "10.0.2.0/24",
            "customer_owned_ipv4_pool": "",
            "id": "subnet-044f885be67519f8d",
            "ipv6_cidr_block": "",
            "ipv6_cidr_block_association_id": "",
            "map_customer_owned_ip_on_launch": false,
            "map_public_ip_on_launch": true,
            "outpost_arn": "",
            "owner_id": "111528734203",
            "tags": {
              "Name": "JFS Pblic Subnet - 1B",
              "Terraform": "True"
            },
            "tags_all": {
              "Name": "JFS Pblic Subnet - 1B",
              "Terraform": "True"
            },
            "timeouts": null,
            "vpc_id": "vpc-006a5d42f2fbdbb28"
          },
          "private": "eyJlMmJmYjczMC1lY2FhLTExZTYtOGY4OC0zNDM2M2JjN2M0YzAiOnsiY3JlYXRlIjo2MDAwMDAwMDAwMDAsImRlbGV0ZSI6MTIwMDAwMDAwMDAwMH0sInNjaGVtYV92ZXJzaW9uIjoiMSJ9",
          "dependencies": [
            "aws_vpc.jfs_vpc"
          ]
        }
      ]
    },
    {
      "mode": "managed",
      "type": "aws_vpc",
      "name": "jfs_vpc",
      "provider": "provider.aws",
      "instances": [
        {
          "schema_version": 1,
          "attributes": {
            "arn": "arn:aws:ec2:eu-west-1:111528734203:vpc/vpc-006a5d42f2fbdbb28",
            "assign_generated_ipv6_cidr_block": false,
            "cidr_block": "10.0.0.0/16",
            "default_network_acl_id": "acl-00579b702348fd8b5",
            "default_route_table_id": "rtb-07e5803966546a3e7",
            "default_security_group_id": "sg-0b1c4375cb9af524d",
            "dhcp_options_id": "dopt-076773097ec749da5",
            "enable_classiclink": false,
            "enable_classiclink_dns_support": false,
            "enable_dns_hostnames": false,
            "enable_dns_support": true,
            "id": "vpc-006a5d42f2fbdbb28",
            "instance_tenancy": "default",
            "ipv6_association_id": "",
            "ipv6_cidr_block": "",
            "main_route_table_id": "rtb-07e5803966546a3e7",
            "owner_id": "111528734203",
            "tags": {
              "Name": "JFS VPC",
              "Terrafrom": "True"
            },
            "tags_all": {
              "Name": "JFS VPC",
              "Terrafrom": "True"
            }
          },
          "private": "eyJzY2hlbWFfdmVyc2lvbiI6IjEifQ=="
        }
      ]
    }
  ]
}
